
Microsoft Visual Studio Solution File, Format Version 12.00
# Visual Studio Version 16
VisualStudioVersion = 16.0.30717.126
MinimumVisualStudioVersion = 10.0.40219.1
Project("{FAE04EC0-301F-11D3-BF4B-00C04F79EFBC}") = "WebApp_project", "WebApp_project\WebApp_project.csproj", "{7F35A389-5244-4ADF-9FF6-02F85A399592}"
EndProject
Global
	GlobalSection(SolutionConfigurationPlatforms) = preSolution
		Debug|Any CPU = Debug|Any CPU
		Release|Any CPU = Release|Any CPU
	EndGlobalSection
	GlobalSection(ProjectConfigurationPlatforms) = postSolution
		{7F35A389-5244-4ADF-9FF6-02F85A399592}.Debug|Any CPU.ActiveCfg = Debug|Any CPU
		{7F35A389-5244-4ADF-9FF6-02F85A399592}.Debug|Any CPU.Build.0 = Debug|Any CPU
		{7F35A389-5244-4ADF-9FF6-02F85A399592}.Release|Any CPU.ActiveCfg = Release|Any CPU
		{7F35A389-5244-4ADF-9FF6-02F85A399592}.Release|Any CPU.Build.0 = Release|Any CPU
	EndGlobalSection
	GlobalSection(SolutionProperties) = preSolution
		HideSolutionNode = FALSE
	EndGlobalSection
	GlobalSection(ExtensibilityGlobals) = postSolution
		SolutionGuid = {0331DE7B-5C43-4D28-AB16-3A6B395BCFFE}
	EndGlobalSection
EndGlobal
